
Microsoft Visual Studio Solution File, Format Version 12.00
# Visual Studio Version 16
VisualStudioVersion = 16.0.30907.101
MinimumVisualStudioVersion = 10.0.40219.1
Project("{FAE04EC0-301F-11D3-BF4B-00C04F79EFBC}") = "broi na dumite", "broi na dumite\broi na dumite.csproj", "{E60019AE-BEF9-4F75-9B51-5D44135C6AFE}"
EndProject
Global
	GlobalSection(SolutionConfigurationPlatforms) = preSolution
		Debug|Any CPU = Debug|Any CPU
		Release|Any CPU = Release|Any CPU
	EndGlobalSection
	GlobalSection(ProjectConfigurationPlatforms) = postSolution
		{E60019AE-BEF9-4F75-9B51-5D44135C6AFE}.Debug|Any CPU.ActiveCfg = Debug|Any CPU
		{E60019AE-BEF9-4F75-9B51-5D44135C6AFE}.Debug|Any CPU.Build.0 = Debug|Any CPU
		{E60019AE-BEF9-4F75-9B51-5D44135C6AFE}.Release|Any CPU.ActiveCfg = Release|Any CPU
		{E60019AE-BEF9-4F75-9B51-5D44135C6AFE}.Release|Any CPU.Build.0 = Release|Any CPU
	EndGlobalSection
	GlobalSection(SolutionProperties) = preSolution
		HideSolutionNode = FALSE
	EndGlobalSection
	GlobalSection(ExtensibilityGlobals) = postSolution
		SolutionGuid = {EEF87AF6-8E6E-4C22-A6AF-E56B6F929B4F}
	EndGlobalSection
EndGlobal
